
Microsoft Visual Studio Solution File, Format Version 12.00
# Visual Studio 15
VisualStudioVersion = 15.0.28307.136
MinimumVisualStudioVersion = 10.0.40219.1
Project("{FAE04EC0-301F-11D3-BF4B-00C04F79EFBC}") = "BreedLikeRabbits2", "BreedLikeRabbits2.csproj", "{7FED07DE-F5C1-4CA6-9633-9EFF844FA4CE}"
EndProject
Global
	GlobalSection(SolutionConfigurationPlatforms) = preSolution
		Debug|Any CPU = Debug|Any CPU
		Release|Any CPU = Release|Any CPU
	EndGlobalSection
	GlobalSection(ProjectConfigurationPlatforms) = postSolution
		{7FED07DE-F5C1-4CA6-9633-9EFF844FA4CE}.Debug|Any CPU.ActiveCfg = Debug|Any CPU
		{7FED07DE-F5C1-4CA6-9633-9EFF844FA4CE}.Debug|Any CPU.Build.0 = Debug|Any CPU
		{7FED07DE-F5C1-4CA6-9633-9EFF844FA4CE}.Release|Any CPU.ActiveCfg = Release|Any CPU
		{7FED07DE-F5C1-4CA6-9633-9EFF844FA4CE}.Release|Any CPU.Build.0 = Release|Any CPU
	EndGlobalSection
	GlobalSection(SolutionProperties) = preSolution
		HideSolutionNode = FALSE
	EndGlobalSection
	GlobalSection(ExtensibilityGlobals) = postSolution
		SolutionGuid = {5A3F205F-8FDA-4B34-A933-E7AC7B21A649}
	EndGlobalSection
EndGlobal
